
Microsoft Visual Studio Solution File, Format Version 12.00
# Visual Studio 14
VisualStudioVersion = 14.0.25420.1
MinimumVisualStudioVersion = 10.0.40219.1
Project("{FAE04EC0-301F-11D3-BF4B-00C04F79EFBC}") = "19432541_HoangThiToThuy", "19432541_HoangThiToThuy\19432541_HoangThiToThuy.csproj", "{C126D6FA-7747-43C7-ABF7-2EC1F67B0C7A}"
EndProject
Project("{FAE04EC0-301F-11D3-BF4B-00C04F79EFBC}") = "19432541_HoangThiToThuy_Client", "19432541_HoangThiToThuy_Client\19432541_HoangThiToThuy_Client.csproj", "{5C93266B-5EA6-4364-83D3-0C7575D41AAF}"
	ProjectSection(ProjectDependencies) = postProject
		{C126D6FA-7747-43C7-ABF7-2EC1F67B0C7A} = {C126D6FA-7747-43C7-ABF7-2EC1F67B0C7A}
	EndProjectSection
EndProject
Global
	GlobalSection(SolutionConfigurationPlatforms) = preSolution
		Debug|Any CPU = Debug|Any CPU
		Release|Any CPU = Release|Any CPU
	EndGlobalSection
	GlobalSection(ProjectConfigurationPlatforms) = postSolution
		{C126D6FA-7747-43C7-ABF7-2EC1F67B0C7A}.Debug|Any CPU.ActiveCfg = Debug|Any CPU
		{C126D6FA-7747-43C7-ABF7-2EC1F67B0C7A}.Debug|Any CPU.Build.0 = Debug|Any CPU
		{C126D6FA-7747-43C7-ABF7-2EC1F67B0C7A}.Release|Any CPU.ActiveCfg = Release|Any CPU
		{C126D6FA-7747-43C7-ABF7-2EC1F67B0C7A}.Release|Any CPU.Build.0 = Release|Any CPU
		{5C93266B-5EA6-4364-83D3-0C7575D41AAF}.Debug|Any CPU.ActiveCfg = Debug|Any CPU
		{5C93266B-5EA6-4364-83D3-0C7575D41AAF}.Debug|Any CPU.Build.0 = Debug|Any CPU
		{5C93266B-5EA6-4364-83D3-0C7575D41AAF}.Release|Any CPU.ActiveCfg = Release|Any CPU
		{5C93266B-5EA6-4364-83D3-0C7575D41AAF}.Release|Any CPU.Build.0 = Release|Any CPU
	EndGlobalSection
	GlobalSection(SolutionProperties) = preSolution
		HideSolutionNode = FALSE
	EndGlobalSection
EndGlobal
